# THIS IS AN AUTOGENERATED FILE. DO NOT EDIT THIS FILE DIRECTLY.
# yarn lockfile v1


turbo_power@^0.3.1:
  version "0.3.1"
  resolved "https://registry.yarnpkg.com/turbo_power/-/turbo_power-0.3.1.tgz#81170967b764ffc8e2fa54630904c2207f4d08ec"
  integrity sha512-C1DbH3sSmjQktj7OwqRtGelIYnhLEUdlF51Fq8qwD4CjR8LLyksEr+98mpjtd3LdlGnpDGM2xztB6Jf9hp8NOw==
