# THIS IS AN AUTOGENERATED FILE. DO NOT EDIT THIS FILE DIRECTLY.
# yarn lockfile v1


hotkeys-js@^3.11.2:
  version "3.11.2"
  resolved "https://registry.yarnpkg.com/hotkeys-js/-/hotkeys-js-3.11.2.tgz#c7893a01a1faa96db621bdd5c9baa1b4b0c7d3c0"
  integrity sha512-hLuR+wtvrVrVFHku5cud44cPXQf5ke+96TonRaGzlNSt22rh2LH65avLYFNsc+QpzMuOEQG/IxJT5mEop99rvg==
